
Microsoft Visual Studio Solution File, Format Version 12.00
# Visual Studio Version 17
VisualStudioVersion = 17.0.31903.59
MinimumVisualStudioVersion = 10.0.40219.1
Project("{2150E333-8FDC-42A3-9474-1A3956D46DE8}") = "Web", "Web", "{FA5EB082-7886-474B-B5D1-9AA8D225F21D}"
EndProject
Project("{9A19103F-16F7-4668-BE54-9A1E7A4F7556}") = "GuildComm.Web", "Web\GuildComm.Web\GuildComm.Web.csproj", "{EB774855-8AD8-48AD-90BE-E7C9D2758834}"
EndProject
Project("{2150E333-8FDC-42A3-9474-1A3956D46DE8}") = "Common", "Common", "{863505C6-DD3B-4180-A999-D8116B50EA8E}"
EndProject
Project("{9A19103F-16F7-4668-BE54-9A1E7A4F7556}") = "GuildComm.Common", "Common\GuildComm.Common\GuildComm.Common.csproj", "{247E4369-692B-4FD0-9F62-FFCCD70B8E9C}"
EndProject
Project("{2150E333-8FDC-42A3-9474-1A3956D46DE8}") = "Core", "Core", "{A00B2AA2-24F3-426B-8399-2622EE7F93C2}"
EndProject
Project("{9A19103F-16F7-4668-BE54-9A1E7A4F7556}") = "GuildComm.Core", "Services\GuildComm.Services\GuildComm.Core.csproj", "{1D5F6F79-12B3-44E1-A39D-38F6D690CD7B}"
EndProject
Project("{9A19103F-16F7-4668-BE54-9A1E7A4F7556}") = "GuildComm.Web.Models", "Web\GuildComm.Web.ViewModels\GuildComm.Web.Models.csproj", "{056BAB26-D5E7-4C04-A8E9-08AC2CB0E646}"
EndProject
Project("{9A19103F-16F7-4668-BE54-9A1E7A4F7556}") = "GuildComm.MappingProfiles", "Common\GuildComm.MappingProfiles\GuildComm.MappingProfiles.csproj", "{4BB6C9CF-F764-4801-BA08-9021452BEFC1}"
EndProject
Project("{9A19103F-16F7-4668-BE54-9A1E7A4F7556}") = "BNetAPI.Core", "..\WoW-API\WoW-API\BNetAPI.Core\BNetAPI.Core.csproj", "{93895F8C-C090-4D63-9195-2A1B84D34961}"
EndProject
Project("{9A19103F-16F7-4668-BE54-9A1E7A4F7556}") = "BNetAPI.Guilds", "..\WoW-API\WoW-API\BNetAPI.Guilds\BNetAPI.Guilds.csproj", "{D8236006-3538-45B8-85BB-EC0E425C231A}"
EndProject
Project("{9A19103F-16F7-4668-BE54-9A1E7A4F7556}") = "BNetAPI.Characters", "..\WoW-API\WoW-API\BNetAPI.Characters\BNetAPI.Characters.csproj", "{A30F5D18-85C5-4C39-BBD7-367A6C31D7C3}"
EndProject
Project("{2150E333-8FDC-42A3-9474-1A3956D46DE8}") = "Data", "Data", "{766659E2-6E10-46F8-8512-120A7B1765A7}"
EndProject
Project("{FAE04EC0-301F-11D3-BF4B-00C04F79EFBC}") = "GuildComm.Data", "Data\GuildComm.Data\GuildComm.Data.csproj", "{0893FEDF-D89F-4F6E-99FA-4CF9672D06AA}"
EndProject
Global
	GlobalSection(SolutionConfigurationPlatforms) = preSolution
		Debug|Any CPU = Debug|Any CPU
		Release|Any CPU = Release|Any CPU
	EndGlobalSection
	GlobalSection(ProjectConfigurationPlatforms) = postSolution
		{EB774855-8AD8-48AD-90BE-E7C9D2758834}.Debug|Any CPU.ActiveCfg = Debug|Any CPU
		{EB774855-8AD8-48AD-90BE-E7C9D2758834}.Debug|Any CPU.Build.0 = Debug|Any CPU
		{EB774855-8AD8-48AD-90BE-E7C9D2758834}.Release|Any CPU.ActiveCfg = Release|Any CPU
		{EB774855-8AD8-48AD-90BE-E7C9D2758834}.Release|Any CPU.Build.0 = Release|Any CPU
		{247E4369-692B-4FD0-9F62-FFCCD70B8E9C}.Debug|Any CPU.ActiveCfg = Debug|Any CPU
		{247E4369-692B-4FD0-9F62-FFCCD70B8E9C}.Debug|Any CPU.Build.0 = Debug|Any CPU
		{247E4369-692B-4FD0-9F62-FFCCD70B8E9C}.Release|Any CPU.ActiveCfg = Release|Any CPU
		{247E4369-692B-4FD0-9F62-FFCCD70B8E9C}.Release|Any CPU.Build.0 = Release|Any CPU
		{1D5F6F79-12B3-44E1-A39D-38F6D690CD7B}.Debug|Any CPU.ActiveCfg = Debug|Any CPU
		{1D5F6F79-12B3-44E1-A39D-38F6D690CD7B}.Debug|Any CPU.Build.0 = Debug|Any CPU
		{1D5F6F79-12B3-44E1-A39D-38F6D690CD7B}.Release|Any CPU.ActiveCfg = Release|Any CPU
		{1D5F6F79-12B3-44E1-A39D-38F6D690CD7B}.Release|Any CPU.Build.0 = Release|Any CPU
		{056BAB26-D5E7-4C04-A8E9-08AC2CB0E646}.Debug|Any CPU.ActiveCfg = Debug|Any CPU
		{056BAB26-D5E7-4C04-A8E9-08AC2CB0E646}.Debug|Any CPU.Build.0 = Debug|Any CPU
		{056BAB26-D5E7-4C04-A8E9-08AC2CB0E646}.Release|Any CPU.ActiveCfg = Release|Any CPU
		{056BAB26-D5E7-4C04-A8E9-08AC2CB0E646}.Release|Any CPU.Build.0 = Release|Any CPU
		{4BB6C9CF-F764-4801-BA08-9021452BEFC1}.Debug|Any CPU.ActiveCfg = Debug|Any CPU
		{4BB6C9CF-F764-4801-BA08-9021452BEFC1}.Debug|Any CPU.Build.0 = Debug|Any CPU
		{4BB6C9CF-F764-4801-BA08-9021452BEFC1}.Release|Any CPU.ActiveCfg = Release|Any CPU
		{4BB6C9CF-F764-4801-BA08-9021452BEFC1}.Release|Any CPU.Build.0 = Release|Any CPU
		{93895F8C-C090-4D63-9195-2A1B84D34961}.Debug|Any CPU.ActiveCfg = Debug|Any CPU
		{93895F8C-C090-4D63-9195-2A1B84D34961}.Debug|Any CPU.Build.0 = Debug|Any CPU
		{93895F8C-C090-4D63-9195-2A1B84D34961}.Release|Any CPU.ActiveCfg = Release|Any CPU
		{93895F8C-C090-4D63-9195-2A1B84D34961}.Release|Any CPU.Build.0 = Release|Any CPU
		{D8236006-3538-45B8-85BB-EC0E425C231A}.Debug|Any CPU.ActiveCfg = Debug|Any CPU
		{D8236006-3538-45B8-85BB-EC0E425C231A}.Debug|Any CPU.Build.0 = Debug|Any CPU
		{D8236006-3538-45B8-85BB-EC0E425C231A}.Release|Any CPU.ActiveCfg = Release|Any CPU
		{D8236006-3538-45B8-85BB-EC0E425C231A}.Release|Any CPU.Build.0 = Release|Any CPU
		{A30F5D18-85C5-4C39-BBD7-367A6C31D7C3}.Debug|Any CPU.ActiveCfg = Debug|Any CPU
		{A30F5D18-85C5-4C39-BBD7-367A6C31D7C3}.Debug|Any CPU.Build.0 = Debug|Any CPU
		{A30F5D18-85C5-4C39-BBD7-367A6C31D7C3}.Release|Any CPU.ActiveCfg = Release|Any CPU
		{A30F5D18-85C5-4C39-BBD7-367A6C31D7C3}.Release|Any CPU.Build.0 = Release|Any CPU
		{0893FEDF-D89F-4F6E-99FA-4CF9672D06AA}.Debug|Any CPU.ActiveCfg = Debug|Any CPU
		{0893FEDF-D89F-4F6E-99FA-4CF9672D06AA}.Debug|Any CPU.Build.0 = Debug|Any CPU
		{0893FEDF-D89F-4F6E-99FA-4CF9672D06AA}.Release|Any CPU.ActiveCfg = Release|Any CPU
		{0893FEDF-D89F-4F6E-99FA-4CF9672D06AA}.Release|Any CPU.Build.0 = Release|Any CPU
	EndGlobalSection
	GlobalSection(SolutionProperties) = preSolution
		HideSolutionNode = FALSE
	EndGlobalSection
	GlobalSection(NestedProjects) = preSolution
		{EB774855-8AD8-48AD-90BE-E7C9D2758834} = {FA5EB082-7886-474B-B5D1-9AA8D225F21D}
		{247E4369-692B-4FD0-9F62-FFCCD70B8E9C} = {863505C6-DD3B-4180-A999-D8116B50EA8E}
		{1D5F6F79-12B3-44E1-A39D-38F6D690CD7B} = {A00B2AA2-24F3-426B-8399-2622EE7F93C2}
		{056BAB26-D5E7-4C04-A8E9-08AC2CB0E646} = {FA5EB082-7886-474B-B5D1-9AA8D225F21D}
		{4BB6C9CF-F764-4801-BA08-9021452BEFC1} = {863505C6-DD3B-4180-A999-D8116B50EA8E}
		{0893FEDF-D89F-4F6E-99FA-4CF9672D06AA} = {766659E2-6E10-46F8-8512-120A7B1765A7}
	EndGlobalSection
	GlobalSection(ExtensibilityGlobals) = postSolution
		SolutionGuid = {D4C76F89-07F4-4DDE-BBFD-06D87302B05B}
	EndGlobalSection
EndGlobal
